lockfileVersion: '9.0'

settings:
  autoInstallPeers: true
  excludeLinksFromLockfile: false

importers:

  .:
    dependencies:
      nodemailer:
        specifier: ^7.0.13
        version: 7.0.13
    devDependencies:
      prettier:
        specifier: ^3.8.1
        version: 3.8.1

packages:

  nodemailer@7.0.13:
    resolution: {integrity: sha512-PNDFSJdP+KFgdsG3ZzMXCgquO7I6McjY2vlqILjtJd0hy8wEvtugS9xKRF2NWlPNGxvLCXlTNIae4serI7dinw==}
    engines: {node: '>=6.0.0'}

  prettier@3.8.1:
    resolution: {integrity: sha512-UOnG6LftzbdaHZcKoPFtOcCKztrQ57WkHDeRD9t/PTQtmT0NHSeWWepj6pS0z/N7+08BHFDQVUrfmfMRcZwbMg==}
    engines: {node: '>=14'}
    hasBin: true

snapshots:

  nodemailer@7.0.13: {}

  prettier@3.8.1: {}
